
Microsoft Visual Studio Solution File, Format Version 12.00
# Visual Studio Version 17
VisualStudioVersion = 17.10.35004.147
MinimumVisualStudioVersion = 10.0.40219.1
Project("{FAE04EC0-301F-11D3-BF4B-00C04F79EFBC}") = "Inventory Management System", "Inventory Management System\Inventory Management System.csproj", "{4CA510F9-F689-44C4-9472-78D1F0E3BAA6}"
EndProject
Global
	GlobalSection(SolutionConfigurationPlatforms) = preSolution
		Debug|Any CPU = Debug|Any CPU
		Release|Any CPU = Release|Any CPU
	EndGlobalSection
	GlobalSection(ProjectConfigurationPlatforms) = postSolution
		{4CA510F9-F689-44C4-9472-78D1F0E3BAA6}.Debug|Any CPU.ActiveCfg = Debug|Any CPU
		{4CA510F9-F689-44C4-9472-78D1F0E3BAA6}.Debug|Any CPU.Build.0 = Debug|Any CPU
		{4CA510F9-F689-44C4-9472-78D1F0E3BAA6}.Release|Any CPU.ActiveCfg = Release|Any CPU
		{4CA510F9-F689-44C4-9472-78D1F0E3BAA6}.Release|Any CPU.Build.0 = Release|Any CPU
	EndGlobalSection
	GlobalSection(SolutionProperties) = preSolution
		HideSolutionNode = FALSE
	EndGlobalSection
	GlobalSection(ExtensibilityGlobals) = postSolution
		SolutionGuid = {2FDEC436-417A-4B1D-9997-372B780A786B}
	EndGlobalSection
EndGlobal
